
Microsoft Visual Studio Solution File, Format Version 12.00
# Visual Studio Version 17
VisualStudioVersion = 17.0.32014.148
MinimumVisualStudioVersion = 10.0.40219.1
Project("{2150E333-8FDC-42A3-9474-1A3956D46DE8}") = "Presentation", "Presentation", "{CC28B204-D788-4B1E-B351-BF24D4677945}"
EndProject
Project("{2150E333-8FDC-42A3-9474-1A3956D46DE8}") = "Libraries", "Libraries", "{99198C6A-F834-4867-80C8-B3AB71B19F98}"
EndProject
Project("{2150E333-8FDC-42A3-9474-1A3956D46DE8}") = "src", "src", "{E2836728-F533-423F-94DD-ED5AB006F9AA}"
EndProject
Project("{2150E333-8FDC-42A3-9474-1A3956D46DE8}") = "test", "test", "{E545C119-C011-44C0-8FED-23C9C08F5C85}"
EndProject
Project("{2150E333-8FDC-42A3-9474-1A3956D46DE8}") = "UnitTesting", "UnitTesting", "{41145F5E-73D1-4AF0-8E75-4784BB18681E}"
EndProject
Project("{9A19103F-16F7-4668-BE54-9A1E7A4F7556}") = "Application", "src\Libraries\Application\Application.csproj", "{215B38E8-4451-4DFD-8647-466634A8827B}"
EndProject
Project("{9A19103F-16F7-4668-BE54-9A1E7A4F7556}") = "Domain", "src\Libraries\Domain\Domain.csproj", "{5102B839-7E4A-4E4A-8643-0416CBEF6CB6}"
EndProject
Project("{9A19103F-16F7-4668-BE54-9A1E7A4F7556}") = "Infrastructure", "src\Libraries\Infrastructure\Infrastructure.csproj", "{F3456883-157A-405F-A7E2-732CE516E8D5}"
EndProject
Project("{9A19103F-16F7-4668-BE54-9A1E7A4F7556}") = "LocksAPI", "src\Presentation\LocksAPI\LocksAPI.csproj", "{8851C5F7-05B5-490D-8BAA-94893D0E9F68}"
EndProject
Project("{9A19103F-16F7-4668-BE54-9A1E7A4F7556}") = "Application.UnitTest", "test\UnitTesting\Application.UnitTest\Application.UnitTest.csproj", "{2047E8D8-DBB6-4CBB-845D-C3AC5F01FB73}"
EndProject
Project("{9A19103F-16F7-4668-BE54-9A1E7A4F7556}") = "Domain.UnitTest", "test\UnitTesting\Domain.UnitTest\Domain.UnitTest.csproj", "{4AB638AA-382C-4FE2-A234-2FBC497021C3}"
EndProject
Project("{9A19103F-16F7-4668-BE54-9A1E7A4F7556}") = "Infrastructure.UnitTest", "test\UnitTesting\Infrastructure.UnitTest\Infrastructure.UnitTest.csproj", "{0D429083-F054-49EA-A56D-4A724C6B09CA}"
EndProject
Project("{2150E333-8FDC-42A3-9474-1A3956D46DE8}") = "IntegrationTesting", "IntegrationTesting", "{5A14D343-71FC-419A-A220-CC54D3689120}"
EndProject
Project("{9A19103F-16F7-4668-BE54-9A1E7A4F7556}") = "Integration.UnitTest", "test\IntegrationTesting\Integration.UnitTest\Integration.UnitTest.csproj", "{58EA5943-9172-4E64-B28D-C35736E50476}"
EndProject
Global
	GlobalSection(SolutionConfigurationPlatforms) = preSolution
		Debug|Any CPU = Debug|Any CPU
		Release|Any CPU = Release|Any CPU
	EndGlobalSection
	GlobalSection(ProjectConfigurationPlatforms) = postSolution
		{215B38E8-4451-4DFD-8647-466634A8827B}.Debug|Any CPU.ActiveCfg = Debug|Any CPU
		{215B38E8-4451-4DFD-8647-466634A8827B}.Debug|Any CPU.Build.0 = Debug|Any CPU
		{215B38E8-4451-4DFD-8647-466634A8827B}.Release|Any CPU.ActiveCfg = Release|Any CPU
		{215B38E8-4451-4DFD-8647-466634A8827B}.Release|Any CPU.Build.0 = Release|Any CPU
		{5102B839-7E4A-4E4A-8643-0416CBEF6CB6}.Debug|Any CPU.ActiveCfg = Debug|Any CPU
		{5102B839-7E4A-4E4A-8643-0416CBEF6CB6}.Debug|Any CPU.Build.0 = Debug|Any CPU
		{5102B839-7E4A-4E4A-8643-0416CBEF6CB6}.Release|Any CPU.ActiveCfg = Release|Any CPU
		{5102B839-7E4A-4E4A-8643-0416CBEF6CB6}.Release|Any CPU.Build.0 = Release|Any CPU
		{F3456883-157A-405F-A7E2-732CE516E8D5}.Debug|Any CPU.ActiveCfg = Debug|Any CPU
		{F3456883-157A-405F-A7E2-732CE516E8D5}.Debug|Any CPU.Build.0 = Debug|Any CPU
		{F3456883-157A-405F-A7E2-732CE516E8D5}.Release|Any CPU.ActiveCfg = Release|Any CPU
		{F3456883-157A-405F-A7E2-732CE516E8D5}.Release|Any CPU.Build.0 = Release|Any CPU
		{8851C5F7-05B5-490D-8BAA-94893D0E9F68}.Debug|Any CPU.ActiveCfg = Debug|Any CPU
		{8851C5F7-05B5-490D-8BAA-94893D0E9F68}.Debug|Any CPU.Build.0 = Debug|Any CPU
		{8851C5F7-05B5-490D-8BAA-94893D0E9F68}.Release|Any CPU.ActiveCfg = Release|Any CPU
		{8851C5F7-05B5-490D-8BAA-94893D0E9F68}.Release|Any CPU.Build.0 = Release|Any CPU
		{2047E8D8-DBB6-4CBB-845D-C3AC5F01FB73}.Debug|Any CPU.ActiveCfg = Debug|Any CPU
		{2047E8D8-DBB6-4CBB-845D-C3AC5F01FB73}.Debug|Any CPU.Build.0 = Debug|Any CPU
		{2047E8D8-DBB6-4CBB-845D-C3AC5F01FB73}.Release|Any CPU.ActiveCfg = Release|Any CPU
		{2047E8D8-DBB6-4CBB-845D-C3AC5F01FB73}.Release|Any CPU.Build.0 = Release|Any CPU
		{4AB638AA-382C-4FE2-A234-2FBC497021C3}.Debug|Any CPU.ActiveCfg = Debug|Any CPU
		{4AB638AA-382C-4FE2-A234-2FBC497021C3}.Debug|Any CPU.Build.0 = Debug|Any CPU
		{4AB638AA-382C-4FE2-A234-2FBC497021C3}.Release|Any CPU.ActiveCfg = Release|Any CPU
		{4AB638AA-382C-4FE2-A234-2FBC497021C3}.Release|Any CPU.Build.0 = Release|Any CPU
		{0D429083-F054-49EA-A56D-4A724C6B09CA}.Debug|Any CPU.ActiveCfg = Debug|Any CPU
		{0D429083-F054-49EA-A56D-4A724C6B09CA}.Debug|Any CPU.Build.0 = Debug|Any CPU
		{0D429083-F054-49EA-A56D-4A724C6B09CA}.Release|Any CPU.ActiveCfg = Release|Any CPU
		{0D429083-F054-49EA-A56D-4A724C6B09CA}.Release|Any CPU.Build.0 = Release|Any CPU
		{58EA5943-9172-4E64-B28D-C35736E50476}.Debug|Any CPU.ActiveCfg = Debug|Any CPU
		{58EA5943-9172-4E64-B28D-C35736E50476}.Debug|Any CPU.Build.0 = Debug|Any CPU
		{58EA5943-9172-4E64-B28D-C35736E50476}.Release|Any CPU.ActiveCfg = Release|Any CPU
		{58EA5943-9172-4E64-B28D-C35736E50476}.Release|Any CPU.Build.0 = Release|Any CPU
	EndGlobalSection
	GlobalSection(SolutionProperties) = preSolution
		HideSolutionNode = FALSE
	EndGlobalSection
	GlobalSection(NestedProjects) = preSolution
		{CC28B204-D788-4B1E-B351-BF24D4677945} = {E2836728-F533-423F-94DD-ED5AB006F9AA}
		{99198C6A-F834-4867-80C8-B3AB71B19F98} = {E2836728-F533-423F-94DD-ED5AB006F9AA}
		{41145F5E-73D1-4AF0-8E75-4784BB18681E} = {E545C119-C011-44C0-8FED-23C9C08F5C85}
		{215B38E8-4451-4DFD-8647-466634A8827B} = {99198C6A-F834-4867-80C8-B3AB71B19F98}
		{5102B839-7E4A-4E4A-8643-0416CBEF6CB6} = {99198C6A-F834-4867-80C8-B3AB71B19F98}
		{F3456883-157A-405F-A7E2-732CE516E8D5} = {99198C6A-F834-4867-80C8-B3AB71B19F98}
		{8851C5F7-05B5-490D-8BAA-94893D0E9F68} = {CC28B204-D788-4B1E-B351-BF24D4677945}
		{2047E8D8-DBB6-4CBB-845D-C3AC5F01FB73} = {41145F5E-73D1-4AF0-8E75-4784BB18681E}
		{4AB638AA-382C-4FE2-A234-2FBC497021C3} = {41145F5E-73D1-4AF0-8E75-4784BB18681E}
		{0D429083-F054-49EA-A56D-4A724C6B09CA} = {41145F5E-73D1-4AF0-8E75-4784BB18681E}
		{5A14D343-71FC-419A-A220-CC54D3689120} = {E545C119-C011-44C0-8FED-23C9C08F5C85}
		{58EA5943-9172-4E64-B28D-C35736E50476} = {5A14D343-71FC-419A-A220-CC54D3689120}
	EndGlobalSection
	GlobalSection(ExtensibilityGlobals) = postSolution
		SolutionGuid = {071B78C8-4833-4CFD-8AF1-B27756F42969}
	EndGlobalSection
EndGlobal
